
Microsoft Visual Studio Solution File, Format Version 12.00
# Visual Studio Version 17
VisualStudioVersion = 17.11.35303.130
MinimumVisualStudioVersion = 10.0.40219.1
Project("{FAE04EC0-301F-11D3-BF4B-00C04F79EFBC}") = "Examen", "Examen\Examen.csproj", "{8FE091B7-4FB8-4E22-9E0E-6ADA75621E5A}"
EndProject
Global
	GlobalSection(SolutionConfigurationPlatforms) = preSolution
		Debug|Any CPU = Debug|Any CPU
		Release|Any CPU = Release|Any CPU
	EndGlobalSection
	GlobalSection(ProjectConfigurationPlatforms) = postSolution
		{8FE091B7-4FB8-4E22-9E0E-6ADA75621E5A}.Debug|Any CPU.ActiveCfg = Debug|Any CPU
		{8FE091B7-4FB8-4E22-9E0E-6ADA75621E5A}.Debug|Any CPU.Build.0 = Debug|Any CPU
		{8FE091B7-4FB8-4E22-9E0E-6ADA75621E5A}.Release|Any CPU.ActiveCfg = Release|Any CPU
		{8FE091B7-4FB8-4E22-9E0E-6ADA75621E5A}.Release|Any CPU.Build.0 = Release|Any CPU
	EndGlobalSection
	GlobalSection(SolutionProperties) = preSolution
		HideSolutionNode = FALSE
	EndGlobalSection
	GlobalSection(ExtensibilityGlobals) = postSolution
		SolutionGuid = {D28C14C5-49CC-45B5-95BF-80A24046A504}
	EndGlobalSection
EndGlobal
